
Microsoft Visual Studio Solution File, Format Version 12.00
# Visual Studio Version 16
VisualStudioVersion = 16.0.29728.190
MinimumVisualStudioVersion = 10.0.40219.1
Project("{FAE04EC0-301F-11D3-BF4B-00C04F79EFBC}") = "CodinGame-Facile", "CodinGame-Facile\CodinGame-Facile.csproj", "{2DBFA093-6D5A-4515-9B58-D0191D82E473}"
EndProject
Global
	GlobalSection(SolutionConfigurationPlatforms) = preSolution
		Debug|Any CPU = Debug|Any CPU
		Release|Any CPU = Release|Any CPU
	EndGlobalSection
	GlobalSection(ProjectConfigurationPlatforms) = postSolution
		{2DBFA093-6D5A-4515-9B58-D0191D82E473}.Debug|Any CPU.ActiveCfg = Debug|Any CPU
		{2DBFA093-6D5A-4515-9B58-D0191D82E473}.Debug|Any CPU.Build.0 = Debug|Any CPU
		{2DBFA093-6D5A-4515-9B58-D0191D82E473}.Release|Any CPU.ActiveCfg = Release|Any CPU
		{2DBFA093-6D5A-4515-9B58-D0191D82E473}.Release|Any CPU.Build.0 = Release|Any CPU
	EndGlobalSection
	GlobalSection(SolutionProperties) = preSolution
		HideSolutionNode = FALSE
	EndGlobalSection
	GlobalSection(ExtensibilityGlobals) = postSolution
		SolutionGuid = {B1CA0C3B-0694-4BEB-878C-BFF65FA6B5DD}
	EndGlobalSection
EndGlobal
